
Microsoft Visual Studio Solution File, Format Version 12.00
# Visual Studio Version 17
VisualStudioVersion = 17.9.34616.47
MinimumVisualStudioVersion = 10.0.40219.1
Project("{9A19103F-16F7-4668-BE54-9A1E7A4F7556}") = "RaidFinder", "RaidFinder.csproj", "{984A7891-7430-4C63-8B58-0AC7500B7DC8}"
EndProject
Global
	GlobalSection(SolutionConfigurationPlatforms) = preSolution
		Debug|Any CPU = Debug|Any CPU
		Release|Any CPU = Release|Any CPU
	EndGlobalSection
	GlobalSection(ProjectConfigurationPlatforms) = postSolution
		{984A7891-7430-4C63-8B58-0AC7500B7DC8}.Debug|Any CPU.ActiveCfg = Debug|Any CPU
		{984A7891-7430-4C63-8B58-0AC7500B7DC8}.Debug|Any CPU.Build.0 = Debug|Any CPU
		{984A7891-7430-4C63-8B58-0AC7500B7DC8}.Release|Any CPU.ActiveCfg = Release|Any CPU
		{984A7891-7430-4C63-8B58-0AC7500B7DC8}.Release|Any CPU.Build.0 = Release|Any CPU
	EndGlobalSection
	GlobalSection(SolutionProperties) = preSolution
		HideSolutionNode = FALSE
	EndGlobalSection
	GlobalSection(ExtensibilityGlobals) = postSolution
		SolutionGuid = {6BF768C5-83B6-4E30-BE96-AA6357855C00}
	EndGlobalSection
EndGlobal
